
Microsoft Visual Studio Solution File, Format Version 12.00
# Visual Studio Version 17
VisualStudioVersion = 17.13.35919.96 d17.13
MinimumVisualStudioVersion = 10.0.40219.1
Project("{FAE04EC0-301F-11D3-BF4B-00C04F79EFBC}") = "SmartInventoryTracker", "SmartInventoryTracker.csproj", "{EC8EC6E5-ECFA-40C6-B6BC-8803B048834D}"
EndProject
Global
	GlobalSection(SolutionConfigurationPlatforms) = preSolution
		Debug|Any CPU = Debug|Any CPU
		Release|Any CPU = Release|Any CPU
	EndGlobalSection
	GlobalSection(ProjectConfigurationPlatforms) = postSolution
		{EC8EC6E5-ECFA-40C6-B6BC-8803B048834D}.Debug|Any CPU.ActiveCfg = Debug|Any CPU
		{EC8EC6E5-ECFA-40C6-B6BC-8803B048834D}.Debug|Any CPU.Build.0 = Debug|Any CPU
		{EC8EC6E5-ECFA-40C6-B6BC-8803B048834D}.Release|Any CPU.ActiveCfg = Release|Any CPU
		{EC8EC6E5-ECFA-40C6-B6BC-8803B048834D}.Release|Any CPU.Build.0 = Release|Any CPU
	EndGlobalSection
	GlobalSection(SolutionProperties) = preSolution
		HideSolutionNode = FALSE
	EndGlobalSection
	GlobalSection(ExtensibilityGlobals) = postSolution
		SolutionGuid = {28C47105-D1E6-4C19-A732-F9FF8E1F2DEF}
	EndGlobalSection
EndGlobal
